
Microsoft Visual Studio Solution File, Format Version 12.00
# Visual Studio 15
VisualStudioVersion = 15.0.28307.1622
MinimumVisualStudioVersion = 10.0.40219.1
Project("{FAE04EC0-301F-11D3-BF4B-00C04F79EFBC}") = "OnlineLogicPuns", "OnlineLogicPuns\OnlineLogicPuns.csproj", "{AA61966D-61C2-4189-A754-FFF43554178A}"
EndProject
Project("{FAE04EC0-301F-11D3-BF4B-00C04F79EFBC}") = "TestLogicPuns", "TestLogicPuns\TestLogicPuns.csproj", "{D154774F-E313-407B-9561-A4D33B44282A}"
EndProject
Global
	GlobalSection(SolutionConfigurationPlatforms) = preSolution
		Debug|Any CPU = Debug|Any CPU
		Release|Any CPU = Release|Any CPU
	EndGlobalSection
	GlobalSection(ProjectConfigurationPlatforms) = postSolution
		{AA61966D-61C2-4189-A754-FFF43554178A}.Debug|Any CPU.ActiveCfg = Debug|Any CPU
		{AA61966D-61C2-4189-A754-FFF43554178A}.Debug|Any CPU.Build.0 = Debug|Any CPU
		{AA61966D-61C2-4189-A754-FFF43554178A}.Release|Any CPU.ActiveCfg = Release|Any CPU
		{AA61966D-61C2-4189-A754-FFF43554178A}.Release|Any CPU.Build.0 = Release|Any CPU
		{D154774F-E313-407B-9561-A4D33B44282A}.Debug|Any CPU.ActiveCfg = Debug|Any CPU
		{D154774F-E313-407B-9561-A4D33B44282A}.Debug|Any CPU.Build.0 = Debug|Any CPU
		{D154774F-E313-407B-9561-A4D33B44282A}.Release|Any CPU.ActiveCfg = Release|Any CPU
		{D154774F-E313-407B-9561-A4D33B44282A}.Release|Any CPU.Build.0 = Release|Any CPU
	EndGlobalSection
	GlobalSection(SolutionProperties) = preSolution
		HideSolutionNode = FALSE
	EndGlobalSection
	GlobalSection(ExtensibilityGlobals) = postSolution
		SolutionGuid = {9BEF0DC7-1E13-4E10-968B-34E72AB6F8AD}
	EndGlobalSection
EndGlobal
